// !$*UTF8*$!
{
	archiveVersion = 1;
	classes = {
	};
	objectVersion = 55;
	objects = {

/* Begin PBXBuildFile section */
		4498D8E7277379DE00ECB37F /* hello_worldApp.swift in Sources */ = {isa = PBXBuildFile; fileRef = 4498D8E6277379DE00ECB37F /* hello_worldApp.swift */; };
		4498D8E9277379DE00ECB37F /* ContentView.swift in Sources */ = {isa = PBXBuildFile; fileRef = 4498D8E8277379DE00ECB37F /* ContentView.swift */; };
		4498D8EB277379DF00ECB37F /* Assets.xcassets in Resources */ = {isa = PBXBuildFile; fileRef = 4498D8EA277379DF00ECB37F /* Assets.xcassets */; };
		4498D8EE277379DF00ECB37F /* Preview Assets.xcassets in Resources */ = {isa = PBXBuildFile; fileRef = 4498D8ED277379DF00ECB37F /* Preview Assets.xcassets */; };
		4498D8F8277379DF00ECB37F /* hello_worldTests.swift in Sources */ = {isa = PBXBuildFile; fileRef = 4498D8F7277379DF00ECB37F /* hello_worldTests.swift */; };
		4498D902277379DF00ECB37F /* hello_worldUITests.swift in Sources */ = {isa = PBXBuildFile; fileRef = 4498D901277379DF00ECB37F /* hello_worldUITests.swift */; };
		4498D904277379DF00ECB37F /* hello_worldUITestsLaunchTests.swift in Sources */ = {isa = PBXBuildFile; fileRef = 4498D903277379DF00ECB37F /* hello_worldUITestsLaunchTests.swift */; };
/* End PBXBuildFile section */

/* Begin PBXContainerItemProxy section */
		4498D8F4277379DF00ECB37F /* PBXContainerItemProxy */ = {
			isa = PBXContainerItemProxy;
			containerPortal = 4498D8DB277379DE00ECB37F /* Project object */;
			proxyType = 1;
			remoteGlobalIDString = 4498D8E2277379DE00ECB37F;
			remoteInfo = "hello-world";
		};
		4498D8FE277379DF00ECB37F /* PBXContainerItemProxy */ = {
			isa = PBXContainerItemProxy;
			containerPortal = 4498D8DB277379DE00ECB37F /* Project object */;
			proxyType = 1;
			remoteGlobalIDString = 4498D8E2277379DE00ECB37F;
			remoteInfo = "hello-world";
		};
/* End PBXContainerItemProxy section */

/* Begin PBXFileReference section */
		4498D8E3277379DE00ECB37F /* hello-world.app */ = {isa = PBXFileReference; explicitFileType = wrapper.application; includeInIndex = 0; path = "hello-world.app"; sourceTree = BUILT_PRODUCTS_DIR; };
		4498D8E6277379DE00ECB37F /* hello_worldApp.swift */ = {isa = PBXFileReference; lastKnownFileType = sourcecode.swift; path = hello_worldApp.swift; sourceTree = "<group>"; };
		4498D8E8277379DE00ECB37F /* ContentView.swift */ = {isa = PBXFileReference; lastKnownFileType = sourcecode.swift; path = ContentView.swift; sourceTree = "<group>"; };
		4498D8EA277379DF00ECB37F /* Assets.xcassets */ = {isa = PBXFileReference; lastKnownFileType = folder.assetcatalog; path = Assets.xcassets; sourceTree = "<group>"; };
		4498D8ED277379DF00ECB37F /* Preview Assets.xcassets */ = {isa = PBXFileReference; lastKnownFileType = folder.assetcatalog; path = "Preview Assets.xcassets"; sourceTree = "<group>"; };
		4498D8F3277379DF00ECB37F /* hello-worldTests.xctest */ = {isa = PBXFileReference; explicitFileType = wrapper.cfbundle; includeInIndex = 0; path = "hello-worldTests.xctest"; sourceTree = BUILT_PRODUCTS_DIR; };
		4498D8F7277379DF00ECB37F /* hello_worldTests.swift */ = {isa = PBXFileReference; lastKnownFileType = sourcecode.swift; path = hello_worldTests.swift; sourceTree = "<group>"; };
		4498D8FD277379DF00ECB37F /* hello-worldUITests.xctest */ = {isa = PBXFileReference; explicitFileType = wrapper.cfbundle; includeInIndex = 0; path = "hello-worldUITests.xctest"; sourceTree = BUILT_PRODUCTS_DIR; };
		4498D901277379DF00ECB37F /* hello_worldUITests.swift */ = {isa = PBXFileReference; lastKnownFileType = sourcecode.swift; path = hello_worldUITests.swift; sourceTree = "<group>"; };
		4498D903277379DF00ECB37F /* hello_worldUITestsLaunchTests.swift */ = {isa = PBXFileReference; lastKnownFileType = sourcecode.swift; path = hello_worldUITestsLaunchTests.swift; sourceTree = "<group>"; };
/* End PBXFileReference section */

/* Begin PBXFrameworksBuildPhase section */
		4498D8E0277379DE00ECB37F /* Frameworks */ = {
			isa = PBXFrameworksBuildPhase;
			buildActionMask = 2147483647;
			files = (
			);
			runOnlyForDeploymentPostprocessing = 0;
		};
		4498D8F0277379DF00ECB37F /* Frameworks */ = {
			isa = PBXFrameworksBuildPhase;
			buildActionMask = 2147483647;
			files = (
			);
			runOnlyForDeploymentPostprocessing = 0;
		};
		4498D8FA277379DF00ECB37F /* Frameworks */ = {
			isa = PBXFrameworksBuildPhase;
			buildActionMask = 2147483647;
			files = (
			);
			runOnlyForDeploymentPostprocessing = 0;
		};
/* End PBXFrameworksBuildPhase section */

/* Begin PBXGroup section */
		4498D8DA277379DE00ECB37F = {
			isa = PBXGroup;
			children = (
				4498D8E5277379DE00ECB37F /* hello-world */,
				4498D8F6277379DF00ECB37F /* hello-worldTests */,
				4498D900277379DF00ECB37F /* hello-worldUITests */,
				4498D8E4277379DE00ECB37F /* Products */,
			);
			sourceTree = "<group>";
		};
		4498D8E4277379DE00ECB37F /* Products */ = {
			isa = PBXGroup;
			children = (
				4498D8E3277379DE00ECB37F /* hello-world.app */,
				4498D8F3277379DF00ECB37F /* hello-worldTests.xctest */,
				4498D8FD277379DF00ECB37F /* hello-worldUITests.xctest */,
			);
			name = Products;
			sourceTree = "<group>";
		};
		4498D8E5277379DE00ECB37F /* hello-world */ = {
			isa = PBXGroup;
			children = (
				4498D8E6277379DE00ECB37F /* hello_worldApp.swift */,
				4498D8E8277379DE00ECB37F /* ContentView.swift */,
				4498D8EA277379DF00ECB37F /* Assets.xcassets */,
				4498D8EC277379DF00ECB37F /* Preview Content */,
			);
			path = "hello-world";
			sourceTree = "<group>";
		};
		4498D8EC277379DF00ECB37F /* Preview Content */ = {
			isa = PBXGroup;
			children = (
				4498D8ED277379DF00ECB37F /* Preview Assets.xcassets */,
			);
			path = "Preview Content";
			sourceTree = "<group>";
		};
		4498D8F6277379DF00ECB37F /* hello-worldTests */ = {
			isa = PBXGroup;
			children = (
				4498D8F7277379DF00ECB37F /* hello_worldTests.swift */,
			);
			path = "hello-worldTests";
			sourceTree = "<group>";
		};
		4498D900277379DF00ECB37F /* hello-worldUITests */ = {
			isa = PBXGroup;
			children = (
				4498D901277379DF00ECB37F /* hello_worldUITests.swift */,
				4498D903277379DF00ECB37F /* hello_worldUITestsLaunchTests.swift */,
			);
			path = "hello-worldUITests";
			sourceTree = "<group>";
		};
/* End PBXGroup section */

/* Begin PBXNativeTarget section */
		4498D8E2277379DE00ECB37F /* hello-world */ = {
			isa = PBXNativeTarget;
			buildConfigurationList = 4498D907277379DF00ECB37F /* Build configuration list for PBXNativeTarget "hello-world" */;
			buildPhases = (
				4498D8DF277379DE00ECB37F /* Sources */,
				4498D8E0277379DE00ECB37F /* Frameworks */,
				4498D8E1277379DE00ECB37F /* Resources */,
			);
			buildRules = (
			);
			dependencies = (
			);
			name = "hello-world";
			productName = "hello-world";
			productReference = 4498D8E3277379DE00ECB37F /* hello-world.app */;
			productType = "com.apple.product-type.application";
		};
		4498D8F2277379DF00ECB37F /* hello-worldTests */ = {
			isa = PBXNativeTarget;
			buildConfigurationList = 4498D90A277379DF00ECB37F /* Build configuration list for PBXNativeTarget "hello-worldTests" */;
			buildPhases = (
				4498D8EF277379DF00ECB37F /* Sources */,
				4498D8F0277379DF00ECB37F /* Frameworks */,
				4498D8F1277379DF00ECB37F /* Resources */,
			);
			buildRules = (
			);
			dependencies = (
				4498D8F5277379DF00ECB37F /* PBXTargetDependency */,
			);
			name = "hello-worldTests";
			productName = "hello-worldTests";
			productReference = 4498D8F3277379DF00ECB37F /* hello-worldTests.xctest */;
			productType = "com.apple.product-type.bundle.unit-test";
		};
		4498D8FC277379DF00ECB37F /* hello-worldUITests */ = {
			isa = PBXNativeTarget;
			buildConfigurationList = 4498D90D277379DF00ECB37F /* Build configuration list for PBXNativeTarget "hello-worldUITests" */;
			buildPhases = (
				4498D8F9277379DF00ECB37F /* Sources */,
				4498D8FA277379DF00ECB37F /* Frameworks */,
				4498D8FB277379DF00ECB37F /* Resources */,
			);
			buildRules = (
			);
			dependencies = (
				4498D8FF277379DF00ECB37F /* PBXTargetDependency */,
			);
			name = "hello-worldUITests";
			productName = "hello-worldUITests";
			productReference = 4498D8FD277379DF00ECB37F /* hello-worldUITests.xctest */;
			productType = "com.apple.product-type.bundle.ui-testing";
		};
/* End PBXNativeTarget section */

/* Begin PBXProject section */
		4498D8DB277379DE00ECB37F /* Project object */ = {
			isa = PBXProject;
			attributes = {
				BuildIndependentTargetsInParallel = 1;
				LastSwiftUpdateCheck = 1320;
				LastUpgradeCheck = 1320;
				TargetAttributes = {
					4498D8E2277379DE00ECB37F = {
						CreatedOnToolsVersion = 13.2.1;
					};
					4498D8F2277379DF00ECB37F = {
						CreatedOnToolsVersion = 13.2.1;
						TestTargetID = 4498D8E2277379DE00ECB37F;
					};
					4498D8FC277379DF00ECB37F = {
						CreatedOnToolsVersion = 13.2.1;
						TestTargetID = 4498D8E2277379DE00ECB37F;
					};
				};
			};
			buildConfigurationList = 4498D8DE277379DE00ECB37F /* Build configuration list for PBXProject "hello-world" */;
			compatibilityVersion = "Xcode 13.0";
			developmentRegion = en;
			hasScannedForEncodings = 0;
			knownRegions = (
				en,
				Base,
			);
			mainGroup = 4498D8DA277379DE00ECB37F;
			productRefGroup = 4498D8E4277379DE00ECB37F /* Products */;
			projectDirPath = "";
			projectRoot = "";
			targets = (
				4498D8E2277379DE00ECB37F /* hello-world */,
				4498D8F2277379DF00ECB37F /* hello-worldTests */,
				4498D8FC277379DF00ECB37F /* hello-worldUITests */,
			);
		};
/* End PBXProject section */

/* Begin PBXResourcesBuildPhase section */
		4498D8E1277379DE00ECB37F /* Resources */ = {
			isa = PBXResourcesBuildPhase;
			buildActionMask = 2147483647;
			files = (
				4498D8EE277379DF00ECB37F /* Preview Assets.xcassets in Resources */,
				4498D8EB277379DF00ECB37F /* Assets.xcassets in Resources */,
			);
			runOnlyForDeploymentPostprocessing = 0;
		};
		4498D8F1277379DF00ECB37F /* Resources */ = {
			isa = PBXResourcesBuildPhase;
			buildActionMask = 2147483647;
			files = (
			);
			runOnlyForDeploymentPostprocessing = 0;
		};
		4498D8FB277379DF00ECB37F /* Resources */ = {
			isa = PBXResourcesBuildPhase;
			buildActionMask = 2147483647;
			files = (
			);
			runOnlyForDeploymentPostprocessing = 0;
		};
/* End PBXResourcesBuildPhase section */

/* Begin PBXSourcesBuildPhase section */
		4498D8DF277379DE00ECB37F /* Sources */ = {
			isa = PBXSourcesBuildPhase;
			buildActionMask = 2147483647;
			files = (
				4498D8E9277379DE00ECB37F /* ContentView.swift in Sources */,
				4498D8E7277379DE00ECB37F /* hello_worldApp.swift in Sources */,
			);
			runOnlyForDeploymentPostprocessing = 0;
		};
		4498D8EF277379DF00ECB37F /* Sources */ = {
			isa = PBXSourcesBuildPhase;
			buildActionMask = 2147483647;
			files = (
				4498D8F8277379DF00ECB37F /* hello_worldTests.swift in Sources */,
			);
			runOnlyForDeploymentPostprocessing = 0;
		};
		4498D8F9277379DF00ECB37F /* Sources */ = {
			isa = PBXSourcesBuildPhase;
			buildActionMask = 2147483647;
			files = (
				4498D904277379DF00ECB37F /* hello_worldUITestsLaunchTests.swift in Sources */,
				4498D902277379DF00ECB37F /* hello_worldUITests.swift in Sources */,
			);
			runOnlyForDeploymentPostprocessing = 0;
		};
/* End PBXSourcesBuildPhase section */

/* Begin PBXTargetDependency section */
		4498D8F5277379DF00ECB37F /* PBXTargetDependency */ = {
			isa = PBXTargetDependency;
			target = 4498D8E2277379DE00ECB37F /* hello-world */;
			targetProxy = 4498D8F4277379DF00ECB37F /* PBXContainerItemProxy */;
		};
		4498D8FF277379DF00ECB37F /* PBXTargetDependency */ = {
			isa = PBXTargetDependency;
			target = 4498D8E2277379DE00ECB37F /* hello-world */;
			targetProxy = 4498D8FE277379DF00ECB37F /* PBXContainerItemProxy */;
		};
/* End PBXTargetDependency section */

/* Begin XCBuildConfiguration section */
		4498D905277379DF00ECB37F /* Debug */ = {
			isa = XCBuildConfiguration;
			buildSettings = {
				ALWAYS_SEARCH_USER_PATHS = NO;
				CLANG_ANALYZER_NONNULL = YES;
				CLANG_ANALYZER_NUMBER_OBJECT_CONVERSION = YES_AGGRESSIVE;
				CLANG_CXX_LANGUAGE_STANDARD = "gnu++17";
				CLANG_CXX_LIBRARY = "libc++";
				CLANG_ENABLE_MODULES = YES;
				CLANG_ENABLE_OBJC_ARC = YES;
				CLANG_ENABLE_OBJC_WEAK = YES;
				CLANG_WARN_BLOCK_CAPTURE_AUTORELEASING = YES;
				CLANG_WARN_BOOL_CONVERSION = YES;
				CLANG_WARN_COMMA = YES;
				CLANG_WARN_CONSTANT_CONVERSION = YES;
				CLANG_WARN_DEPRECATED_OBJC_IMPLEMENTATIONS = YES;
				CLANG_WARN_DIRECT_OBJC_ISA_USAGE = YES_ERROR;
				CLANG_WARN_DOCUMENTATION_COMMENTS = YES;
				CLANG_WARN_EMPTY_BODY = YES;
				CLANG_WARN_ENUM_CONVERSION = YES;
				CLANG_WARN_INFINITE_RECURSION = YES;
				CLANG_WARN_INT_CONVERSION = YES;
				CLANG_WARN_NON_LITERAL_NULL_CONVERSION = YES;
				CLANG_WARN_OBJC_IMPLICIT_RETAIN_SELF = YES;
				CLANG_WARN_OBJC_LITERAL_CONVERSION = YES;
				CLANG_WARN_OBJC_ROOT_CLASS = YES_ERROR;
				CLANG_WARN_QUOTED_INCLUDE_IN_FRAMEWORK_HEADER = YES;
				CLANG_WARN_RANGE_LOOP_ANALYSIS = YES;
				CLANG_WARN_STRICT_PROTOTYPES = YES;
				CLANG_WARN_SUSPICIOUS_MOVE = YES;
				CLANG_WARN_UNGUARDED_AVAILABILITY = YES_AGGRESSIVE;
				CLANG_WARN_UNREACHABLE_CODE = YES;
				CLANG_WARN__DUPLICATE_METHOD_MATCH = YES;
				COPY_PHASE_STRIP = NO;
				DEBUG_INFORMATION_FORMAT = dwarf;
				ENABLE_STRICT_OBJC_MSGSEND = YES;
				ENABLE_TESTABILITY = YES;
				GCC_C_LANGUAGE_STANDARD = gnu11;
				GCC_DYNAMIC_NO_PIC = NO;
				GCC_NO_COMMON_BLOCKS = YES;
				GCC_OPTIMIZATION_LEVEL = 0;
				GCC_PREPROCESSOR_DEFINITIONS = (
					"DEBUG=1",
					"$(inherited)",
				);
				GCC_WARN_64_TO_32_BIT_CONVERSION = YES;
				GCC_WARN_ABOUT_RETURN_TYPE = YES_ERROR;
				GCC_WARN_UNDECLARED_SELECTOR = YES;
				GCC_WARN_UNINITIALIZED_AUTOS = YES_AGGRESSIVE;
				GCC_WARN_UNUSED_FUNCTION = YES;
				GCC_WARN_UNUSED_VARIABLE = YES;
				IPHONEOS_DEPLOYMENT_TARGET = 15.2;
				MTL_ENABLE_DEBUG_INFO = INCLUDE_SOURCE;
				MTL_FAST_MATH = YES;
				ONLY_ACTIVE_ARCH = YES;
				SDKROOT = iphoneos;
				SWIFT_ACTIVE_COMPILATION_CONDITIONS = DEBUG;
				SWIFT_OPTIMIZATION_LEVEL = "-Onone";
			};
			name = Debug;
		};
		4498D906277379DF00ECB37F /* Release */ = {
			isa = XCBuildConfiguration;
			buildSettings = {
				ALWAYS_SEARCH_USER_PATHS = NO;
				CLANG_ANALYZER_NONNULL = YES;
				CLANG_ANALYZER_NUMBER_OBJECT_CONVERSION = YES_AGGRESSIVE;
				CLANG_CXX_LANGUAGE_STANDARD = "gnu++17";
				CLANG_CXX_LIBRARY = "libc++";
				CLANG_ENABLE_MODULES = YES;
				CLANG_ENABLE_OBJC_ARC = YES;
				CLANG_ENABLE_OBJC_WEAK = YES;
				CLANG_WARN_BLOCK_CAPTURE_AUTORELEASING = YES;
				CLANG_WARN_BOOL_CONVERSION = YES;
				CLANG_WARN_COMMA = YES;
				CLANG_WARN_CONSTANT_CONVERSION = YES;
				CLANG_WARN_DEPRECATED_OBJC_IMPLEMENTATIONS = YES;
				CLANG_WARN_DIRECT_OBJC_ISA_USAGE = YES_ERROR;
				CLANG_WARN_DOCUMENTATION_COMMENTS = YES;
				CLANG_WARN_EMPTY_BODY = YES;
				CLANG_WARN_ENUM_CONVERSION = YES;
				CLANG_WARN_INFINITE_RECURSION = YES;
				CLANG_WARN_INT_CONVERSION = YES;
				CLANG_WARN_NON_LITERAL_NULL_CONVERSION = YES;
				CLANG_WARN_OBJC_IMPLICIT_RETAIN_SELF = YES;
				CLANG_WARN_OBJC_LITERAL_CONVERSION = YES;
				CLANG_WARN_OBJC_ROOT_CLASS = YES_ERROR;
				CLANG_WARN_QUOTED_INCLUDE_IN_FRAMEWORK_HEADER = YES;
				CLANG_WARN_RANGE_LOOP_ANALYSIS = YES;
				CLANG_WARN_STRICT_PROTOTYPES = YES;
				CLANG_WARN_SUSPICIOUS_MOVE = YES;
				CLANG_WARN_UNGUARDED_AVAILABILITY = YES_AGGRESSIVE;
				CLANG_WARN_UNREACHABLE_CODE = YES;
				CLANG_WARN__DUPLICATE_METHOD_MATCH = YES;
				COPY_PHASE_STRIP = NO;
				DEBUG_INFORMATION_FORMAT = "dwarf-with-dsym";
				ENABLE_NS_ASSERTIONS = NO;
				ENABLE_STRICT_OBJC_MSGSEND = YES;
				GCC_C_LANGUAGE_STANDARD = gnu11;
				GCC_NO_COMMON_BLOCKS = YES;
				GCC_WARN_64_TO_32_BIT_CONVERSION = YES;
				GCC_WARN_ABOUT_RETURN_TYPE = YES_ERROR;
				GCC_WARN_UNDECLARED_SELECTOR = YES;
				GCC_WARN_UNINITIALIZED_AUTOS = YES_AGGRESSIVE;
				GCC_WARN_UNUSED_FUNCTION = YES;
				GCC_WARN_UNUSED_VARIABLE = YES;
				IPHONEOS_DEPLOYMENT_TARGET = 15.2;
				MTL_ENABLE_DEBUG_INFO = NO;
				MTL_FAST_MATH = YES;
				SDKROOT = iphoneos;
				SWIFT_COMPILATION_MODE = wholemodule;
				SWIFT_OPTIMIZATION_LEVEL = "-O";
				VALIDATE_PRODUCT = YES;
			};
			name = Release;
		};
		4498D908277379DF00ECB37F /* Debug */ = {
			isa = XCBuildConfiguration;
			buildSettings = {
				ASSETCATALOG_COMPILER_APPICON_NAME = AppIcon;
				ASSETCATALOG_COMPILER_GLOBAL_ACCENT_COLOR_NAME = AccentColor;
				CODE_SIGN_STYLE = Automatic;
				CURRENT_PROJECT_VERSION = 1;
				DEVELOPMENT_ASSET_PATHS = "\"hello-world/Preview Content\"";
				ENABLE_PREVIEWS = YES;
				GENERATE_INFOPLIST_FILE = YES;
				INFOPLIST_KEY_UIApplicationSceneManifest_Generation = YES;
				INFOPLIST_KEY_UIApplicationSupportsIndirectInputEvents = YES;
				INFOPLIST_KEY_UILaunchScreen_Generation = YES;
				INFOPLIST_KEY_UISupportedInterfaceOrientations_iPad = "UIInterfaceOrientationPortrait UIInterfaceOrientationPortraitUpsideDown UIInterfaceOrientationLandscapeLeft UIInterfaceOrientationLandscapeRight";
				INFOPLIST_KEY_UISupportedInterfaceOrientations_iPhone = "UIInterfaceOrientationPortrait UIInterfaceOrientationLandscapeLeft UIInterfaceOrientationLandscapeRight";
				LD_RUNPATH_SEARCH_PATHS = (
					"$(inherited)",
					"@executable_path/Frameworks",
				);
				MARKETING_VERSION = 1.0;
				PRODUCT_BUNDLE_IDENTIFIER = "ruslan.hello-world";
				PRODUCT_NAME = "$(TARGET_NAME)";
				SWIFT_EMIT_LOC_STRINGS = YES;
				SWIFT_VERSION = 5.0;
				TARGETED_DEVICE_FAMILY = "1,2";
			};
			name = Debug;
		};
		4498D909277379DF00ECB37F /* Release */ = {
			isa = XCBuildConfiguration;
			buildSettings = {
				ASSETCATALOG_COMPILER_APPICON_NAME = AppIcon;
				ASSETCATALOG_COMPILER_GLOBAL_ACCENT_COLOR_NAME = AccentColor;
				CODE_SIGN_STYLE = Automatic;
				CURRENT_PROJECT_VERSION = 1;
				DEVELOPMENT_ASSET_PATHS = "\"hello-world/Preview Content\"";
				ENABLE_PREVIEWS = YES;
				GENERATE_INFOPLIST_FILE = YES;
				INFOPLIST_KEY_UIApplicationSceneManifest_Generation = YES;
				INFOPLIST_KEY_UIApplicationSupportsIndirectInputEvents = YES;
				INFOPLIST_KEY_UILaunchScreen_Generation = YES;
				INFOPLIST_KEY_UISupportedInterfaceOrientations_iPad = "UIInterfaceOrientationPortrait UIInterfaceOrientationPortraitUpsideDown UIInterfaceOrientationLandscapeLeft UIInterfaceOrientationLandscapeRight";
				INFOPLIST_KEY_UISupportedInterfaceOrientations_iPhone = "UIInterfaceOrientationPortrait UIInterfaceOrientationLandscapeLeft UIInterfaceOrientationLandscapeRight";
				LD_RUNPATH_SEARCH_PATHS = (
					"$(inherited)",
					"@executable_path/Frameworks",
				);
				MARKETING_VERSION = 1.0;
				PRODUCT_BUNDLE_IDENTIFIER = "ruslan.hello-world";
				PRODUCT_NAME = "$(TARGET_NAME)";
				SWIFT_EMIT_LOC_STRINGS = YES;
				SWIFT_VERSION = 5.0;
				TARGETED_DEVICE_FAMILY = "1,2";
			};
			name = Release;
		};
		4498D90B277379DF00ECB37F /* Debug */ = {
			isa = XCBuildConfiguration;
			buildSettings = {
				ALWAYS_EMBED_SWIFT_STANDARD_LIBRARIES = YES;
				BUNDLE_LOADER = "$(TEST_HOST)";
				CODE_SIGN_STYLE = Automatic;
				CURRENT_PROJECT_VERSION = 1;
				GENERATE_INFOPLIST_FILE = YES;
				IPHONEOS_DEPLOYMENT_TARGET = 15.2;
				MARKETING_VERSION = 1.0;
				PRODUCT_BUNDLE_IDENTIFIER = "ruslan.hello-worldTests";
				PRODUCT_NAME = "$(TARGET_NAME)";
				SWIFT_EMIT_LOC_STRINGS = NO;
				SWIFT_VERSION = 5.0;
				TARGETED_DEVICE_FAMILY = "1,2";
				TEST_HOST = "$(BUILT_PRODUCTS_DIR)/hello-world.app/hello-world";
			};
			name = Debug;
		};
		4498D90C277379DF00ECB37F /* Release */ = {
			isa = XCBuildConfiguration;
			buildSettings = {
				ALWAYS_EMBED_SWIFT_STANDARD_LIBRARIES = YES;
				BUNDLE_LOADER = "$(TEST_HOST)";
				CODE_SIGN_STYLE = Automatic;
				CURRENT_PROJECT_VERSION = 1;
				GENERATE_INFOPLIST_FILE = YES;
				IPHONEOS_DEPLOYMENT_TARGET = 15.2;
				MARKETING_VERSION = 1.0;
				PRODUCT_BUNDLE_IDENTIFIER = "ruslan.hello-worldTests";
				PRODUCT_NAME = "$(TARGET_NAME)";
				SWIFT_EMIT_LOC_STRINGS = NO;
				SWIFT_VERSION = 5.0;
				TARGETED_DEVICE_FAMILY = "1,2";
				TEST_HOST = "$(BUILT_PRODUCTS_DIR)/hello-world.app/hello-world";
			};
			name = Release;
		};
		4498D90E277379DF00ECB37F /* Debug */ = {
			isa = XCBuildConfiguration;
			buildSettings = {
				ALWAYS_EMBED_SWIFT_STANDARD_LIBRARIES = YES;
				CODE_SIGN_STYLE = Automatic;
				CURRENT_PROJECT_VERSION = 1;
				GENERATE_INFOPLIST_FILE = YES;
				MARKETING_VERSION = 1.0;
				PRODUCT_BUNDLE_IDENTIFIER = "ruslan.hello-worldUITests";
				PRODUCT_NAME = "$(TARGET_NAME)";
				SWIFT_EMIT_LOC_STRINGS = NO;
				SWIFT_VERSION = 5.0;
				TARGETED_DEVICE_FAMILY = "1,2";
				TEST_TARGET_NAME = "hello-world";
			};
			name = Debug;
		};
		4498D90F277379DF00ECB37F /* Release */ = {
			isa = XCBuildConfiguration;
			buildSettings = {
				ALWAYS_EMBED_SWIFT_STANDARD_LIBRARIES = YES;
				CODE_SIGN_STYLE = Automatic;
				CURRENT_PROJECT_VERSION = 1;
				GENERATE_INFOPLIST_FILE = YES;
				MARKETING_VERSION = 1.0;
				PRODUCT_BUNDLE_IDENTIFIER = "ruslan.hello-worldUITests";
				PRODUCT_NAME = "$(TARGET_NAME)";
				SWIFT_EMIT_LOC_STRINGS = NO;
				SWIFT_VERSION = 5.0;
				TARGETED_DEVICE_FAMILY = "1,2";
				TEST_TARGET_NAME = "hello-world";
			};
			name = Release;
		};
/* End XCBuildConfiguration section */

/* Begin XCConfigurationList section */
		4498D8DE277379DE00ECB37F /* Build configuration list for PBXProject "hello-world" */ = {
			isa = XCConfigurationList;
			buildConfigurations = (
				4498D905277379DF00ECB37F /* Debug */,
				4498D906277379DF00ECB37F /* Release */,
			);
			defaultConfigurationIsVisible = 0;
			defaultConfigurationName = Release;
		};
		4498D907277379DF00ECB37F /* Build configuration list for PBXNativeTarget "hello-world" */ = {
			isa = XCConfigurationList;
			buildConfigurations = (
				4498D908277379DF00ECB37F /* Debug */,
				4498D909277379DF00ECB37F /* Release */,
			);
			defaultConfigurationIsVisible = 0;
			defaultConfigurationName = Release;
		};
		4498D90A277379DF00ECB37F /* Build configuration list for PBXNativeTarget "hello-worldTests" */ = {
			isa = XCConfigurationList;
			buildConfigurations = (
				4498D90B277379DF00ECB37F /* Debug */,
				4498D90C277379DF00ECB37F /* Release */,
			);
			defaultConfigurationIsVisible = 0;
			defaultConfigurationName = Release;
		};
		4498D90D277379DF00ECB37F /* Build configuration list for PBXNativeTarget "hello-worldUITests" */ = {
			isa = XCConfigurationList;
			buildConfigurations = (
				4498D90E277379DF00ECB37F /* Debug */,
				4498D90F277379DF00ECB37F /* Release */,
			);
			defaultConfigurationIsVisible = 0;
			defaultConfigurationName = Release;
		};
/* End XCConfigurationList section */
	};
	rootObject = 4498D8DB277379DE00ECB37F /* Project object */;
}
